// !$*UTF8*$!
{
	archiveVersion = 1;
	classes = {
	};
	objectVersion = 56;
	objects = {

/* Begin PBXBuildFile section */
		CE18941729C97C670085FB53 /* TestProtobufApp.swift in Sources */ = {isa = PBXBuildFile; fileRef = CE18941629C97C670085FB53 /* TestProtobufApp.swift */; };
		CE18941929C97C670085FB53 /* ContentView.swift in Sources */ = {isa = PBXBuildFile; fileRef = CE18941829C97C670085FB53 /* ContentView.swift */; };
		CE18941B29C97C690085FB53 /* Assets.xcassets in Resources */ = {isa = PBXBuildFile; fileRef = CE18941A29C97C690085FB53 /* Assets.xcassets */; };
		CE18941E29C97C690085FB53 /* Preview Assets.xcassets in Resources */ = {isa = PBXBuildFile; fileRef = CE18941D29C97C690085FB53 /* Preview Assets.xcassets */; };
		CE18942829C97C690085FB53 /* TestProtobufTests.swift in Sources */ = {isa = PBXBuildFile; fileRef = CE18942729C97C690085FB53 /* TestProtobufTests.swift */; };
		CE18943229C97C690085FB53 /* TestProtobufUITests.swift in Sources */ = {isa = PBXBuildFile; fileRef = CE18943129C97C690085FB53 /* TestProtobufUITests.swift */; };
		CE18943429C97C690085FB53 /* TestProtobufUITestsLaunchTests.swift in Sources */ = {isa = PBXBuildFile; fileRef = CE18943329C97C690085FB53 /* TestProtobufUITestsLaunchTests.swift */; };
/* End PBXBuildFile section */

/* Begin PBXContainerItemProxy section */
		CE18942429C97C690085FB53 /* PBXContainerItemProxy */ = {
			isa = PBXContainerItemProxy;
			containerPortal = CE18940B29C97C670085FB53 /* Project object */;
			proxyType = 1;
			remoteGlobalIDString = CE18941229C97C670085FB53;
			remoteInfo = TestProtobuf;
		};
		CE18942E29C97C690085FB53 /* PBXContainerItemProxy */ = {
			isa = PBXContainerItemProxy;
			containerPortal = CE18940B29C97C670085FB53 /* Project object */;
			proxyType = 1;
			remoteGlobalIDString = CE18941229C97C670085FB53;
			remoteInfo = TestProtobuf;
		};
/* End PBXContainerItemProxy section */

/* Begin PBXFileReference section */
		CE18941329C97C670085FB53 /* TestProtobuf.app */ = {isa = PBXFileReference; explicitFileType = wrapper.application; includeInIndex = 0; path = TestProtobuf.app; sourceTree = BUILT_PRODUCTS_DIR; };
		CE18941629C97C670085FB53 /* TestProtobufApp.swift */ = {isa = PBXFileReference; lastKnownFileType = sourcecode.swift; path = TestProtobufApp.swift; sourceTree = "<group>"; };
		CE18941829C97C670085FB53 /* ContentView.swift */ = {isa = PBXFileReference; lastKnownFileType = sourcecode.swift; path = ContentView.swift; sourceTree = "<group>"; };
		CE18941A29C97C690085FB53 /* Assets.xcassets */ = {isa = PBXFileReference; lastKnownFileType = folder.assetcatalog; path = Assets.xcassets; sourceTree = "<group>"; };
		CE18941D29C97C690085FB53 /* Preview Assets.xcassets */ = {isa = PBXFileReference; lastKnownFileType = folder.assetcatalog; path = "Preview Assets.xcassets"; sourceTree = "<group>"; };
		CE18942329C97C690085FB53 /* TestProtobufTests.xctest */ = {isa = PBXFileReference; explicitFileType = wrapper.cfbundle; includeInIndex = 0; path = TestProtobufTests.xctest; sourceTree = BUILT_PRODUCTS_DIR; };
		CE18942729C97C690085FB53 /* TestProtobufTests.swift */ = {isa = PBXFileReference; lastKnownFileType = sourcecode.swift; path = TestProtobufTests.swift; sourceTree = "<group>"; };
		CE18942D29C97C690085FB53 /* TestProtobufUITests.xctest */ = {isa = PBXFileReference; explicitFileType = wrapper.cfbundle; includeInIndex = 0; path = TestProtobufUITests.xctest; sourceTree = BUILT_PRODUCTS_DIR; };
		CE18943129C97C690085FB53 /* TestProtobufUITests.swift */ = {isa = PBXFileReference; lastKnownFileType = sourcecode.swift; path = TestProtobufUITests.swift; sourceTree = "<group>"; };
		CE18943329C97C690085FB53 /* TestProtobufUITestsLaunchTests.swift */ = {isa = PBXFileReference; lastKnownFileType = sourcecode.swift; path = TestProtobufUITestsLaunchTests.swift; sourceTree = "<group>"; };
/* End PBXFileReference section */

/* Begin PBXFrameworksBuildPhase section */
		CE18941029C97C670085FB53 /* Frameworks */ = {
			isa = PBXFrameworksBuildPhase;
			buildActionMask = 2147483647;
			files = (
			);
			runOnlyForDeploymentPostprocessing = 0;
		};
		CE18942029C97C690085FB53 /* Frameworks */ = {
			isa = PBXFrameworksBuildPhase;
			buildActionMask = 2147483647;
			files = (
			);
			runOnlyForDeploymentPostprocessing = 0;
		};
		CE18942A29C97C690085FB53 /* Frameworks */ = {
			isa = PBXFrameworksBuildPhase;
			buildActionMask = 2147483647;
			files = (
			);
			runOnlyForDeploymentPostprocessing = 0;
		};
/* End PBXFrameworksBuildPhase section */

/* Begin PBXGroup section */
		CE18940A29C97C670085FB53 = {
			isa = PBXGroup;
			children = (
				CE18941529C97C670085FB53 /* TestProtobuf */,
				CE18942629C97C690085FB53 /* TestProtobufTests */,
				CE18943029C97C690085FB53 /* TestProtobufUITests */,
				CE18941429C97C670085FB53 /* Products */,
			);
			sourceTree = "<group>";
		};
		CE18941429C97C670085FB53 /* Products */ = {
			isa = PBXGroup;
			children = (
				CE18941329C97C670085FB53 /* TestProtobuf.app */,
				CE18942329C97C690085FB53 /* TestProtobufTests.xctest */,
				CE18942D29C97C690085FB53 /* TestProtobufUITests.xctest */,
			);
			name = Products;
			sourceTree = "<group>";
		};
		CE18941529C97C670085FB53 /* TestProtobuf */ = {
			isa = PBXGroup;
			children = (
				CE18941629C97C670085FB53 /* TestProtobufApp.swift */,
				CE18941829C97C670085FB53 /* ContentView.swift */,
				CE18941A29C97C690085FB53 /* Assets.xcassets */,
				CE18941C29C97C690085FB53 /* Preview Content */,
			);
			path = TestProtobuf;
			sourceTree = "<group>";
		};
		CE18941C29C97C690085FB53 /* Preview Content */ = {
			isa = PBXGroup;
			children = (
				CE18941D29C97C690085FB53 /* Preview Assets.xcassets */,
			);
			path = "Preview Content";
			sourceTree = "<group>";
		};
		CE18942629C97C690085FB53 /* TestProtobufTests */ = {
			isa = PBXGroup;
			children = (
				CE18942729C97C690085FB53 /* TestProtobufTests.swift */,
			);
			path = TestProtobufTests;
			sourceTree = "<group>";
		};
		CE18943029C97C690085FB53 /* TestProtobufUITests */ = {
			isa = PBXGroup;
			children = (
				CE18943129C97C690085FB53 /* TestProtobufUITests.swift */,
				CE18943329C97C690085FB53 /* TestProtobufUITestsLaunchTests.swift */,
			);
			path = TestProtobufUITests;
			sourceTree = "<group>";
		};
/* End PBXGroup section */

/* Begin PBXNativeTarget section */
		CE18941229C97C670085FB53 /* TestProtobuf */ = {
			isa = PBXNativeTarget;
			buildConfigurationList = CE18943729C97C690085FB53 /* Build configuration list for PBXNativeTarget "TestProtobuf" */;
			buildPhases = (
				CE18940F29C97C670085FB53 /* Sources */,
				CE18941029C97C670085FB53 /* Frameworks */,
				CE18941129C97C670085FB53 /* Resources */,
			);
			buildRules = (
			);
			dependencies = (
			);
			name = TestProtobuf;
			productName = TestProtobuf;
			productReference = CE18941329C97C670085FB53 /* TestProtobuf.app */;
			productType = "com.apple.product-type.application";
		};
		CE18942229C97C690085FB53 /* TestProtobufTests */ = {
			isa = PBXNativeTarget;
			buildConfigurationList = CE18943A29C97C690085FB53 /* Build configuration list for PBXNativeTarget "TestProtobufTests" */;
			buildPhases = (
				CE18941F29C97C690085FB53 /* Sources */,
				CE18942029C97C690085FB53 /* Frameworks */,
				CE18942129C97C690085FB53 /* Resources */,
			);
			buildRules = (
			);
			dependencies = (
				CE18942529C97C690085FB53 /* PBXTargetDependency */,
			);
			name = TestProtobufTests;
			productName = TestProtobufTests;
			productReference = CE18942329C97C690085FB53 /* TestProtobufTests.xctest */;
			productType = "com.apple.product-type.bundle.unit-test";
		};
		CE18942C29C97C690085FB53 /* TestProtobufUITests */ = {
			isa = PBXNativeTarget;
			buildConfigurationList = CE18943D29C97C690085FB53 /* Build configuration list for PBXNativeTarget "TestProtobufUITests" */;
			buildPhases = (
				CE18942929C97C690085FB53 /* Sources */,
				CE18942A29C97C690085FB53 /* Frameworks */,
				CE18942B29C97C690085FB53 /* Resources */,
			);
			buildRules = (
			);
			dependencies = (
				CE18942F29C97C690085FB53 /* PBXTargetDependency */,
			);
			name = TestProtobufUITests;
			productName = TestProtobufUITests;
			productReference = CE18942D29C97C690085FB53 /* TestProtobufUITests.xctest */;
			productType = "com.apple.product-type.bundle.ui-testing";
		};
/* End PBXNativeTarget section */

/* Begin PBXProject section */
		CE18940B29C97C670085FB53 /* Project object */ = {
			isa = PBXProject;
			attributes = {
				BuildIndependentTargetsInParallel = 1;
				LastSwiftUpdateCheck = 1420;
				LastUpgradeCheck = 1420;
				TargetAttributes = {
					CE18941229C97C670085FB53 = {
						CreatedOnToolsVersion = 14.2;
					};
					CE18942229C97C690085FB53 = {
						CreatedOnToolsVersion = 14.2;
						TestTargetID = CE18941229C97C670085FB53;
					};
					CE18942C29C97C690085FB53 = {
						CreatedOnToolsVersion = 14.2;
						TestTargetID = CE18941229C97C670085FB53;
					};
				};
			};
			buildConfigurationList = CE18940E29C97C670085FB53 /* Build configuration list for PBXProject "TestProtobuf" */;
			compatibilityVersion = "Xcode 14.0";
			developmentRegion = en;
			hasScannedForEncodings = 0;
			knownRegions = (
				en,
				Base,
			);
			mainGroup = CE18940A29C97C670085FB53;
			productRefGroup = CE18941429C97C670085FB53 /* Products */;
			projectDirPath = "";
			projectRoot = "";
			targets = (
				CE18941229C97C670085FB53 /* TestProtobuf */,
				CE18942229C97C690085FB53 /* TestProtobufTests */,
				CE18942C29C97C690085FB53 /* TestProtobufUITests */,
			);
		};
/* End PBXProject section */

/* Begin PBXResourcesBuildPhase section */
		CE18941129C97C670085FB53 /* Resources */ = {
			isa = PBXResourcesBuildPhase;
			buildActionMask = 2147483647;
			files = (
				CE18941E29C97C690085FB53 /* Preview Assets.xcassets in Resources */,
				CE18941B29C97C690085FB53 /* Assets.xcassets in Resources */,
			);
			runOnlyForDeploymentPostprocessing = 0;
		};
		CE18942129C97C690085FB53 /* Resources */ = {
			isa = PBXResourcesBuildPhase;
			buildActionMask = 2147483647;
			files = (
			);
			runOnlyForDeploymentPostprocessing = 0;
		};
		CE18942B29C97C690085FB53 /* Resources */ = {
			isa = PBXResourcesBuildPhase;
			buildActionMask = 2147483647;
			files = (
			);
			runOnlyForDeploymentPostprocessing = 0;
		};
/* End PBXResourcesBuildPhase section */

/* Begin PBXSourcesBuildPhase section */
		CE18940F29C97C670085FB53 /* Sources */ = {
			isa = PBXSourcesBuildPhase;
			buildActionMask = 2147483647;
			files = (
				CE18941929C97C670085FB53 /* ContentView.swift in Sources */,
				CE18941729C97C670085FB53 /* TestProtobufApp.swift in Sources */,
			);
			runOnlyForDeploymentPostprocessing = 0;
		};
		CE18941F29C97C690085FB53 /* Sources */ = {
			isa = PBXSourcesBuildPhase;
			buildActionMask = 2147483647;
			files = (
				CE18942829C97C690085FB53 /* TestProtobufTests.swift in Sources */,
			);
			runOnlyForDeploymentPostprocessing = 0;
		};
		CE18942929C97C690085FB53 /* Sources */ = {
			isa = PBXSourcesBuildPhase;
			buildActionMask = 2147483647;
			files = (
				CE18943229C97C690085FB53 /* TestProtobufUITests.swift in Sources */,
				CE18943429C97C690085FB53 /* TestProtobufUITestsLaunchTests.swift in Sources */,
			);
			runOnlyForDeploymentPostprocessing = 0;
		};
/* End PBXSourcesBuildPhase section */

/* Begin PBXTargetDependency section */
		CE18942529C97C690085FB53 /* PBXTargetDependency */ = {
			isa = PBXTargetDependency;
			target = CE18941229C97C670085FB53 /* TestProtobuf */;
			targetProxy = CE18942429C97C690085FB53 /* PBXContainerItemProxy */;
		};
		CE18942F29C97C690085FB53 /* PBXTargetDependency */ = {
			isa = PBXTargetDependency;
			target = CE18941229C97C670085FB53 /* TestProtobuf */;
			targetProxy = CE18942E29C97C690085FB53 /* PBXContainerItemProxy */;
		};
/* End PBXTargetDependency section */

/* Begin XCBuildConfiguration section */
		CE18943529C97C690085FB53 /* Debug */ = {
			isa = XCBuildConfiguration;
			buildSettings = {
				ALWAYS_SEARCH_USER_PATHS = NO;
				CLANG_ANALYZER_NONNULL = YES;
				CLANG_ANALYZER_NUMBER_OBJECT_CONVERSION = YES_AGGRESSIVE;
				CLANG_CXX_LANGUAGE_STANDARD = "gnu++20";
				CLANG_ENABLE_MODULES = YES;
				CLANG_ENABLE_OBJC_ARC = YES;
				CLANG_ENABLE_OBJC_WEAK = YES;
				CLANG_WARN_BLOCK_CAPTURE_AUTORELEASING = YES;
				CLANG_WARN_BOOL_CONVERSION = YES;
				CLANG_WARN_COMMA = YES;
				CLANG_WARN_CONSTANT_CONVERSION = YES;
				CLANG_WARN_DEPRECATED_OBJC_IMPLEMENTATIONS = YES;
				CLANG_WARN_DIRECT_OBJC_ISA_USAGE = YES_ERROR;
				CLANG_WARN_DOCUMENTATION_COMMENTS = YES;
				CLANG_WARN_EMPTY_BODY = YES;
				CLANG_WARN_ENUM_CONVERSION = YES;
				CLANG_WARN_INFINITE_RECURSION = YES;
				CLANG_WARN_INT_CONVERSION = YES;
				CLANG_WARN_NON_LITERAL_NULL_CONVERSION = YES;
				CLANG_WARN_OBJC_IMPLICIT_RETAIN_SELF = YES;
				CLANG_WARN_OBJC_LITERAL_CONVERSION = YES;
				CLANG_WARN_OBJC_ROOT_CLASS = YES_ERROR;
				CLANG_WARN_QUOTED_INCLUDE_IN_FRAMEWORK_HEADER = YES;
				CLANG_WARN_RANGE_LOOP_ANALYSIS = YES;
				CLANG_WARN_STRICT_PROTOTYPES = YES;
				CLANG_WARN_SUSPICIOUS_MOVE = YES;
				CLANG_WARN_UNGUARDED_AVAILABILITY = YES_AGGRESSIVE;
				CLANG_WARN_UNREACHABLE_CODE = YES;
				CLANG_WARN__DUPLICATE_METHOD_MATCH = YES;
				COPY_PHASE_STRIP = NO;
				DEBUG_INFORMATION_FORMAT = dwarf;
				ENABLE_STRICT_OBJC_MSGSEND = YES;
				ENABLE_TESTABILITY = YES;
				GCC_C_LANGUAGE_STANDARD = gnu11;
				GCC_DYNAMIC_NO_PIC = NO;
				GCC_NO_COMMON_BLOCKS = YES;
				GCC_OPTIMIZATION_LEVEL = 0;
				GCC_PREPROCESSOR_DEFINITIONS = (
					"DEBUG=1",
					"$(inherited)",
				);
				GCC_WARN_64_TO_32_BIT_CONVERSION = YES;
				GCC_WARN_ABOUT_RETURN_TYPE = YES_ERROR;
				GCC_WARN_UNDECLARED_SELECTOR = YES;
				GCC_WARN_UNINITIALIZED_AUTOS = YES_AGGRESSIVE;
				GCC_WARN_UNUSED_FUNCTION = YES;
				GCC_WARN_UNUSED_VARIABLE = YES;
				IPHONEOS_DEPLOYMENT_TARGET = 16.2;
				MTL_ENABLE_DEBUG_INFO = INCLUDE_SOURCE;
				MTL_FAST_MATH = YES;
				ONLY_ACTIVE_ARCH = YES;
				SDKROOT = iphoneos;
				SWIFT_ACTIVE_COMPILATION_CONDITIONS = DEBUG;
				SWIFT_OPTIMIZATION_LEVEL = "-Onone";
			};
			name = Debug;
		};
		CE18943629C97C690085FB53 /* Release */ = {
			isa = XCBuildConfiguration;
			buildSettings = {
				ALWAYS_SEARCH_USER_PATHS = NO;
				CLANG_ANALYZER_NONNULL = YES;
				CLANG_ANALYZER_NUMBER_OBJECT_CONVERSION = YES_AGGRESSIVE;
				CLANG_CXX_LANGUAGE_STANDARD = "gnu++20";
				CLANG_ENABLE_MODULES = YES;
				CLANG_ENABLE_OBJC_ARC = YES;
				CLANG_ENABLE_OBJC_WEAK = YES;
				CLANG_WARN_BLOCK_CAPTURE_AUTORELEASING = YES;
				CLANG_WARN_BOOL_CONVERSION = YES;
				CLANG_WARN_COMMA = YES;
				CLANG_WARN_CONSTANT_CONVERSION = YES;
				CLANG_WARN_DEPRECATED_OBJC_IMPLEMENTATIONS = YES;
				CLANG_WARN_DIRECT_OBJC_ISA_USAGE = YES_ERROR;
				CLANG_WARN_DOCUMENTATION_COMMENTS = YES;
				CLANG_WARN_EMPTY_BODY = YES;
				CLANG_WARN_ENUM_CONVERSION = YES;
				CLANG_WARN_INFINITE_RECURSION = YES;
				CLANG_WARN_INT_CONVERSION = YES;
				CLANG_WARN_NON_LITERAL_NULL_CONVERSION = YES;
				CLANG_WARN_OBJC_IMPLICIT_RETAIN_SELF = YES;
				CLANG_WARN_OBJC_LITERAL_CONVERSION = YES;
				CLANG_WARN_OBJC_ROOT_CLASS = YES_ERROR;
				CLANG_WARN_QUOTED_INCLUDE_IN_FRAMEWORK_HEADER = YES;
				CLANG_WARN_RANGE_LOOP_ANALYSIS = YES;
				CLANG_WARN_STRICT_PROTOTYPES = YES;
				CLANG_WARN_SUSPICIOUS_MOVE = YES;
				CLANG_WARN_UNGUARDED_AVAILABILITY = YES_AGGRESSIVE;
				CLANG_WARN_UNREACHABLE_CODE = YES;
				CLANG_WARN__DUPLICATE_METHOD_MATCH = YES;
				COPY_PHASE_STRIP = NO;
				DEBUG_INFORMATION_FORMAT = "dwarf-with-dsym";
				ENABLE_NS_ASSERTIONS = NO;
				ENABLE_STRICT_OBJC_MSGSEND = YES;
				GCC_C_LANGUAGE_STANDARD = gnu11;
				GCC_NO_COMMON_BLOCKS = YES;
				GCC_WARN_64_TO_32_BIT_CONVERSION = YES;
				GCC_WARN_ABOUT_RETURN_TYPE = YES_ERROR;
				GCC_WARN_UNDECLARED_SELECTOR = YES;
				GCC_WARN_UNINITIALIZED_AUTOS = YES_AGGRESSIVE;
				GCC_WARN_UNUSED_FUNCTION = YES;
				GCC_WARN_UNUSED_VARIABLE = YES;
				IPHONEOS_DEPLOYMENT_TARGET = 16.2;
				MTL_ENABLE_DEBUG_INFO = NO;
				MTL_FAST_MATH = YES;
				SDKROOT = iphoneos;
				SWIFT_COMPILATION_MODE = wholemodule;
				SWIFT_OPTIMIZATION_LEVEL = "-O";
				VALIDATE_PRODUCT = YES;
			};
			name = Release;
		};
		CE18943829C97C690085FB53 /* Debug */ = {
			isa = XCBuildConfiguration;
			buildSettings = {
				ASSETCATALOG_COMPILER_APPICON_NAME = AppIcon;
				ASSETCATALOG_COMPILER_GLOBAL_ACCENT_COLOR_NAME = AccentColor;
				CODE_SIGN_STYLE = Automatic;
				CURRENT_PROJECT_VERSION = 1;
				DEVELOPMENT_ASSET_PATHS = "\"TestProtobuf/Preview Content\"";
				DEVELOPMENT_TEAM = B9XGRFFGL8;
				ENABLE_PREVIEWS = YES;
				GENERATE_INFOPLIST_FILE = YES;
				INFOPLIST_KEY_UIApplicationSceneManifest_Generation = YES;
				INFOPLIST_KEY_UIApplicationSupportsIndirectInputEvents = YES;
				INFOPLIST_KEY_UILaunchScreen_Generation = YES;
				INFOPLIST_KEY_UISupportedInterfaceOrientations_iPad = "UIInterfaceOrientationPortrait UIInterfaceOrientationPortraitUpsideDown UIInterfaceOrientationLandscapeLeft UIInterfaceOrientationLandscapeRight";
				INFOPLIST_KEY_UISupportedInterfaceOrientations_iPhone = "UIInterfaceOrientationPortrait UIInterfaceOrientationLandscapeLeft UIInterfaceOrientationLandscapeRight";
				LD_RUNPATH_SEARCH_PATHS = (
					"$(inherited)",
					"@executable_path/Frameworks",
				);
				MARKETING_VERSION = 1.0;
				PRODUCT_BUNDLE_IDENTIFIER = com.chenmu.test.TestProtobuf;
				PRODUCT_NAME = "$(TARGET_NAME)";
				SWIFT_EMIT_LOC_STRINGS = YES;
				SWIFT_VERSION = 5.0;
				TARGETED_DEVICE_FAMILY = "1,2";
			};
			name = Debug;
		};
		CE18943929C97C690085FB53 /* Release */ = {
			isa = XCBuildConfiguration;
			buildSettings = {
				ASSETCATALOG_COMPILER_APPICON_NAME = AppIcon;
				ASSETCATALOG_COMPILER_GLOBAL_ACCENT_COLOR_NAME = AccentColor;
				CODE_SIGN_STYLE = Automatic;
				CURRENT_PROJECT_VERSION = 1;
				DEVELOPMENT_ASSET_PATHS = "\"TestProtobuf/Preview Content\"";
				DEVELOPMENT_TEAM = B9XGRFFGL8;
				ENABLE_PREVIEWS = YES;
				GENERATE_INFOPLIST_FILE = YES;
				INFOPLIST_KEY_UIApplicationSceneManifest_Generation = YES;
				INFOPLIST_KEY_UIApplicationSupportsIndirectInputEvents = YES;
				INFOPLIST_KEY_UILaunchScreen_Generation = YES;
				INFOPLIST_KEY_UISupportedInterfaceOrientations_iPad = "UIInterfaceOrientationPortrait UIInterfaceOrientationPortraitUpsideDown UIInterfaceOrientationLandscapeLeft UIInterfaceOrientationLandscapeRight";
				INFOPLIST_KEY_UISupportedInterfaceOrientations_iPhone = "UIInterfaceOrientationPortrait UIInterfaceOrientationLandscapeLeft UIInterfaceOrientationLandscapeRight";
				LD_RUNPATH_SEARCH_PATHS = (
					"$(inherited)",
					"@executable_path/Frameworks",
				);
				MARKETING_VERSION = 1.0;
				PRODUCT_BUNDLE_IDENTIFIER = com.chenmu.test.TestProtobuf;
				PRODUCT_NAME = "$(TARGET_NAME)";
				SWIFT_EMIT_LOC_STRINGS = YES;
				SWIFT_VERSION = 5.0;
				TARGETED_DEVICE_FAMILY = "1,2";
			};
			name = Release;
		};
		CE18943B29C97C690085FB53 /* Debug */ = {
			isa = XCBuildConfiguration;
			buildSettings = {
				ALWAYS_EMBED_SWIFT_STANDARD_LIBRARIES = YES;
				BUNDLE_LOADER = "$(TEST_HOST)";
				CODE_SIGN_STYLE = Automatic;
				CURRENT_PROJECT_VERSION = 1;
				DEVELOPMENT_TEAM = B9XGRFFGL8;
				GENERATE_INFOPLIST_FILE = YES;
				IPHONEOS_DEPLOYMENT_TARGET = 16.2;
				MARKETING_VERSION = 1.0;
				PRODUCT_BUNDLE_IDENTIFIER = com.chenmu.test.TestProtobufTests;
				PRODUCT_NAME = "$(TARGET_NAME)";
				SWIFT_EMIT_LOC_STRINGS = NO;
				SWIFT_VERSION = 5.0;
				TARGETED_DEVICE_FAMILY = "1,2";
				TEST_HOST = "$(BUILT_PRODUCTS_DIR)/TestProtobuf.app/$(BUNDLE_EXECUTABLE_FOLDER_PATH)/TestProtobuf";
			};
			name = Debug;
		};
		CE18943C29C97C690085FB53 /* Release */ = {
			isa = XCBuildConfiguration;
			buildSettings = {
				ALWAYS_EMBED_SWIFT_STANDARD_LIBRARIES = YES;
				BUNDLE_LOADER = "$(TEST_HOST)";
				CODE_SIGN_STYLE = Automatic;
				CURRENT_PROJECT_VERSION = 1;
				DEVELOPMENT_TEAM = B9XGRFFGL8;
				GENERATE_INFOPLIST_FILE = YES;
				IPHONEOS_DEPLOYMENT_TARGET = 16.2;
				MARKETING_VERSION = 1.0;
				PRODUCT_BUNDLE_IDENTIFIER = com.chenmu.test.TestProtobufTests;
				PRODUCT_NAME = "$(TARGET_NAME)";
				SWIFT_EMIT_LOC_STRINGS = NO;
				SWIFT_VERSION = 5.0;
				TARGETED_DEVICE_FAMILY = "1,2";
				TEST_HOST = "$(BUILT_PRODUCTS_DIR)/TestProtobuf.app/$(BUNDLE_EXECUTABLE_FOLDER_PATH)/TestProtobuf";
			};
			name = Release;
		};
		CE18943E29C97C690085FB53 /* Debug */ = {
			isa = XCBuildConfiguration;
			buildSettings = {
				ALWAYS_EMBED_SWIFT_STANDARD_LIBRARIES = YES;
				CODE_SIGN_STYLE = Automatic;
				CURRENT_PROJECT_VERSION = 1;
				DEVELOPMENT_TEAM = B9XGRFFGL8;
				GENERATE_INFOPLIST_FILE = YES;
				MARKETING_VERSION = 1.0;
				PRODUCT_BUNDLE_IDENTIFIER = com.chenmu.test.TestProtobufUITests;
				PRODUCT_NAME = "$(TARGET_NAME)";
				SWIFT_EMIT_LOC_STRINGS = NO;
				SWIFT_VERSION = 5.0;
				TARGETED_DEVICE_FAMILY = "1,2";
				TEST_TARGET_NAME = TestProtobuf;
			};
			name = Debug;
		};
		CE18943F29C97C690085FB53 /* Release */ = {
			isa = XCBuildConfiguration;
			buildSettings = {
				ALWAYS_EMBED_SWIFT_STANDARD_LIBRARIES = YES;
				CODE_SIGN_STYLE = Automatic;
				CURRENT_PROJECT_VERSION = 1;
				DEVELOPMENT_TEAM = B9XGRFFGL8;
				GENERATE_INFOPLIST_FILE = YES;
				MARKETING_VERSION = 1.0;
				PRODUCT_BUNDLE_IDENTIFIER = com.chenmu.test.TestProtobufUITests;
				PRODUCT_NAME = "$(TARGET_NAME)";
				SWIFT_EMIT_LOC_STRINGS = NO;
				SWIFT_VERSION = 5.0;
				TARGETED_DEVICE_FAMILY = "1,2";
				TEST_TARGET_NAME = TestProtobuf;
			};
			name = Release;
		};
/* End XCBuildConfiguration section */

/* Begin XCConfigurationList section */
		CE18940E29C97C670085FB53 /* Build configuration list for PBXProject "TestProtobuf" */ = {
			isa = XCConfigurationList;
			buildConfigurations = (
				CE18943529C97C690085FB53 /* Debug */,
				CE18943629C97C690085FB53 /* Release */,
			);
			defaultConfigurationIsVisible = 0;
			defaultConfigurationName = Release;
		};
		CE18943729C97C690085FB53 /* Build configuration list for PBXNativeTarget "TestProtobuf" */ = {
			isa = XCConfigurationList;
			buildConfigurations = (
				CE18943829C97C690085FB53 /* Debug */,
				CE18943929C97C690085FB53 /* Release */,
			);
			defaultConfigurationIsVisible = 0;
			defaultConfigurationName = Release;
		};
		CE18943A29C97C690085FB53 /* Build configuration list for PBXNativeTarget "TestProtobufTests" */ = {
			isa = XCConfigurationList;
			buildConfigurations = (
				CE18943B29C97C690085FB53 /* Debug */,
				CE18943C29C97C690085FB53 /* Release */,
			);
			defaultConfigurationIsVisible = 0;
			defaultConfigurationName = Release;
		};
		CE18943D29C97C690085FB53 /* Build configuration list for PBXNativeTarget "TestProtobufUITests" */ = {
			isa = XCConfigurationList;
			buildConfigurations = (
				CE18943E29C97C690085FB53 /* Debug */,
				CE18943F29C97C690085FB53 /* Release */,
			);
			defaultConfigurationIsVisible = 0;
			defaultConfigurationName = Release;
		};
/* End XCConfigurationList section */
	};
	rootObject = CE18940B29C97C670085FB53 /* Project object */;
}
